
Microsoft Visual Studio Solution File, Format Version 12.00
# Visual Studio Version 16
VisualStudioVersion = 16.0.30413.136
MinimumVisualStudioVersion = 10.0.40219.1
Project("{FAE04EC0-301F-11D3-BF4B-00C04F79EFBC}") = "CsWin32", "CsWin32.csproj", "{C3102D4A-5C8E-4251-ADA1-1EA2097828B1}"
EndProject
Global
	GlobalSection(SolutionConfigurationPlatforms) = preSolution
		Debug|Any CPU = Debug|Any CPU
		Release|Any CPU = Release|Any CPU
	EndGlobalSection
	GlobalSection(ProjectConfigurationPlatforms) = postSolution
		{C3102D4A-5C8E-4251-ADA1-1EA2097828B1}.Debug|Any CPU.ActiveCfg = Debug|Any CPU
		{C3102D4A-5C8E-4251-ADA1-1EA2097828B1}.Debug|Any CPU.Build.0 = Debug|Any CPU
		{C3102D4A-5C8E-4251-ADA1-1EA2097828B1}.Release|Any CPU.ActiveCfg = Release|Any CPU
		{C3102D4A-5C8E-4251-ADA1-1EA2097828B1}.Release|Any CPU.Build.0 = Release|Any CPU
	EndGlobalSection
	GlobalSection(SolutionProperties) = preSolution
		HideSolutionNode = FALSE
	EndGlobalSection
	GlobalSection(ExtensibilityGlobals) = postSolution
		SolutionGuid = {D4A3E49B-BF25-4411-8F0F-6FC1AE4A5CE6}
	EndGlobalSection
EndGlobal
