
Microsoft Visual Studio Solution File, Format Version 12.00
# Visual Studio Version 16
VisualStudioVersion = 16.0.30804.86
MinimumVisualStudioVersion = 10.0.40219.1
Project("{FAE04EC0-301F-11D3-BF4B-00C04F79EFBC}") = "MetadataTasks", "MetadataTasks.csproj", "{225700CA-AB1B-4C80-8C06-9F6C86749E44}"
EndProject
Global
	GlobalSection(SolutionConfigurationPlatforms) = preSolution
		Debug|Any CPU = Debug|Any CPU
		Release|Any CPU = Release|Any CPU
	EndGlobalSection
	GlobalSection(ProjectConfigurationPlatforms) = postSolution
		{225700CA-AB1B-4C80-8C06-9F6C86749E44}.Debug|Any CPU.ActiveCfg = Debug|Any CPU
		{225700CA-AB1B-4C80-8C06-9F6C86749E44}.Debug|Any CPU.Build.0 = Debug|Any CPU
		{225700CA-AB1B-4C80-8C06-9F6C86749E44}.Release|Any CPU.ActiveCfg = Release|Any CPU
		{225700CA-AB1B-4C80-8C06-9F6C86749E44}.Release|Any CPU.Build.0 = Release|Any CPU
	EndGlobalSection
	GlobalSection(SolutionProperties) = preSolution
		HideSolutionNode = FALSE
	EndGlobalSection
	GlobalSection(ExtensibilityGlobals) = postSolution
		SolutionGuid = {41360FA1-98C7-4974-B24E-B62EBAA5D8E1}
	EndGlobalSection
EndGlobal
