
Microsoft Visual Studio Solution File, Format Version 12.00
# Visual Studio Version 16
VisualStudioVersion = 16.0.30804.86
MinimumVisualStudioVersion = 10.0.40219.1
Project("{FAE04EC0-301F-11D3-BF4B-00C04F79EFBC}") = "WinmdUtils", "WinmdUtils.csproj", "{E9A699AC-A690-42ED-83E1-66CB7F65058D}"
EndProject
Global
	GlobalSection(SolutionConfigurationPlatforms) = preSolution
		Debug|Any CPU = Debug|Any CPU
		Release|Any CPU = Release|Any CPU
	EndGlobalSection
	GlobalSection(ProjectConfigurationPlatforms) = postSolution
		{E9A699AC-A690-42ED-83E1-66CB7F65058D}.Debug|Any CPU.ActiveCfg = Debug|Any CPU
		{E9A699AC-A690-42ED-83E1-66CB7F65058D}.Debug|Any CPU.Build.0 = Debug|Any CPU
		{E9A699AC-A690-42ED-83E1-66CB7F65058D}.Release|Any CPU.ActiveCfg = Release|Any CPU
		{E9A699AC-A690-42ED-83E1-66CB7F65058D}.Release|Any CPU.Build.0 = Release|Any CPU
	EndGlobalSection
	GlobalSection(SolutionProperties) = preSolution
		HideSolutionNode = FALSE
	EndGlobalSection
	GlobalSection(ExtensibilityGlobals) = postSolution
		SolutionGuid = {10CB32D9-2A44-4DE0-B020-26B136672FE1}
	EndGlobalSection
EndGlobal
