
Microsoft Visual Studio Solution File, Format Version 12.00
# Visual Studio Version 17
VisualStudioVersion = 17.0.31903.59
MinimumVisualStudioVersion = 10.0.40219.1
Project("{FAE04EC0-301F-11D3-BF4B-00C04F79EFBC}") = "MetadataUtils", "MetadataUtils\MetadataUtils.csproj", "{5570A18B-3ED6-4931-AD2A-45573E92DBE7}"
EndProject
Project("{FAE04EC0-301F-11D3-BF4B-00C04F79EFBC}") = "WinmdUtils", "WinmdUtils\WinmdUtils.csproj", "{65970684-C2C5-42B9-A621-A679F0D445F0}"
EndProject
Project("{FAE04EC0-301F-11D3-BF4B-00C04F79EFBC}") = "MetadataUtils.Tests", "..\tests\MetadataUtils.Tests\MetadataUtils.Tests.csproj", "{2A93A975-2498-45E1-A7E3-139D512AF950}"
EndProject
Project("{FAE04EC0-301F-11D3-BF4B-00C04F79EFBC}") = "TestCommon", "..\tests\TestCommon\TestCommon.csproj", "{3A9C115D-3798-4CB9-A27D-2FFD37F66A8D}"
EndProject
Project("{FAE04EC0-301F-11D3-BF4B-00C04F79EFBC}") = "Windows.Win32.Tests", "..\tests\Windows.Win32.Tests\Windows.Win32.Tests.csproj", "{620C6D8F-0A6A-4ED3-858C-C4CFB93385AB}"
EndProject
Project("{FAE04EC0-301F-11D3-BF4B-00C04F79EFBC}") = "VtablesFromPdb", "..\tests\VtablesFromPdb\VtablesFromPdb.csproj", "{6784FAA8-3536-466B-9218-0B834B4CE360}"
EndProject
Global
	GlobalSection(SolutionConfigurationPlatforms) = preSolution
		Debug|Any CPU = Debug|Any CPU
		Debug|x64 = Debug|x64
		Debug|x86 = Debug|x86
		Release|Any CPU = Release|Any CPU
		Release|x64 = Release|x64
		Release|x86 = Release|x86
	EndGlobalSection
	GlobalSection(ProjectConfigurationPlatforms) = postSolution
		{5570A18B-3ED6-4931-AD2A-45573E92DBE7}.Debug|Any CPU.ActiveCfg = Debug|Any CPU
		{5570A18B-3ED6-4931-AD2A-45573E92DBE7}.Debug|Any CPU.Build.0 = Debug|Any CPU
		{5570A18B-3ED6-4931-AD2A-45573E92DBE7}.Debug|x64.ActiveCfg = Debug|Any CPU
		{5570A18B-3ED6-4931-AD2A-45573E92DBE7}.Debug|x64.Build.0 = Debug|Any CPU
		{5570A18B-3ED6-4931-AD2A-45573E92DBE7}.Debug|x86.ActiveCfg = Debug|Any CPU
		{5570A18B-3ED6-4931-AD2A-45573E92DBE7}.Debug|x86.Build.0 = Debug|Any CPU
		{5570A18B-3ED6-4931-AD2A-45573E92DBE7}.Release|Any CPU.ActiveCfg = Release|Any CPU
		{5570A18B-3ED6-4931-AD2A-45573E92DBE7}.Release|Any CPU.Build.0 = Release|Any CPU
		{5570A18B-3ED6-4931-AD2A-45573E92DBE7}.Release|x64.ActiveCfg = Release|Any CPU
		{5570A18B-3ED6-4931-AD2A-45573E92DBE7}.Release|x64.Build.0 = Release|Any CPU
		{5570A18B-3ED6-4931-AD2A-45573E92DBE7}.Release|x86.ActiveCfg = Release|Any CPU
		{5570A18B-3ED6-4931-AD2A-45573E92DBE7}.Release|x86.Build.0 = Release|Any CPU
		{65970684-C2C5-42B9-A621-A679F0D445F0}.Debug|Any CPU.ActiveCfg = Debug|Any CPU
		{65970684-C2C5-42B9-A621-A679F0D445F0}.Debug|Any CPU.Build.0 = Debug|Any CPU
		{65970684-C2C5-42B9-A621-A679F0D445F0}.Debug|x64.ActiveCfg = Debug|Any CPU
		{65970684-C2C5-42B9-A621-A679F0D445F0}.Debug|x64.Build.0 = Debug|Any CPU
		{65970684-C2C5-42B9-A621-A679F0D445F0}.Debug|x86.ActiveCfg = Debug|Any CPU
		{65970684-C2C5-42B9-A621-A679F0D445F0}.Debug|x86.Build.0 = Debug|Any CPU
		{65970684-C2C5-42B9-A621-A679F0D445F0}.Release|Any CPU.ActiveCfg = Release|Any CPU
		{65970684-C2C5-42B9-A621-A679F0D445F0}.Release|Any CPU.Build.0 = Release|Any CPU
		{65970684-C2C5-42B9-A621-A679F0D445F0}.Release|x64.ActiveCfg = Release|Any CPU
		{65970684-C2C5-42B9-A621-A679F0D445F0}.Release|x64.Build.0 = Release|Any CPU
		{65970684-C2C5-42B9-A621-A679F0D445F0}.Release|x86.ActiveCfg = Release|Any CPU
		{65970684-C2C5-42B9-A621-A679F0D445F0}.Release|x86.Build.0 = Release|Any CPU
		{2A93A975-2498-45E1-A7E3-139D512AF950}.Debug|Any CPU.ActiveCfg = Debug|Any CPU
		{2A93A975-2498-45E1-A7E3-139D512AF950}.Debug|Any CPU.Build.0 = Debug|Any CPU
		{2A93A975-2498-45E1-A7E3-139D512AF950}.Debug|x64.ActiveCfg = Debug|Any CPU
		{2A93A975-2498-45E1-A7E3-139D512AF950}.Debug|x64.Build.0 = Debug|Any CPU
		{2A93A975-2498-45E1-A7E3-139D512AF950}.Debug|x86.ActiveCfg = Debug|Any CPU
		{2A93A975-2498-45E1-A7E3-139D512AF950}.Debug|x86.Build.0 = Debug|Any CPU
		{2A93A975-2498-45E1-A7E3-139D512AF950}.Release|Any CPU.ActiveCfg = Release|Any CPU
		{2A93A975-2498-45E1-A7E3-139D512AF950}.Release|Any CPU.Build.0 = Release|Any CPU
		{2A93A975-2498-45E1-A7E3-139D512AF950}.Release|x64.ActiveCfg = Release|Any CPU
		{2A93A975-2498-45E1-A7E3-139D512AF950}.Release|x64.Build.0 = Release|Any CPU
		{2A93A975-2498-45E1-A7E3-139D512AF950}.Release|x86.ActiveCfg = Release|Any CPU
		{2A93A975-2498-45E1-A7E3-139D512AF950}.Release|x86.Build.0 = Release|Any CPU
		{3A9C115D-3798-4CB9-A27D-2FFD37F66A8D}.Debug|Any CPU.ActiveCfg = Debug|Any CPU
		{3A9C115D-3798-4CB9-A27D-2FFD37F66A8D}.Debug|Any CPU.Build.0 = Debug|Any CPU
		{3A9C115D-3798-4CB9-A27D-2FFD37F66A8D}.Debug|x64.ActiveCfg = Debug|Any CPU
		{3A9C115D-3798-4CB9-A27D-2FFD37F66A8D}.Debug|x64.Build.0 = Debug|Any CPU
		{3A9C115D-3798-4CB9-A27D-2FFD37F66A8D}.Debug|x86.ActiveCfg = Debug|Any CPU
		{3A9C115D-3798-4CB9-A27D-2FFD37F66A8D}.Debug|x86.Build.0 = Debug|Any CPU
		{3A9C115D-3798-4CB9-A27D-2FFD37F66A8D}.Release|Any CPU.ActiveCfg = Release|Any CPU
		{3A9C115D-3798-4CB9-A27D-2FFD37F66A8D}.Release|Any CPU.Build.0 = Release|Any CPU
		{3A9C115D-3798-4CB9-A27D-2FFD37F66A8D}.Release|x64.ActiveCfg = Release|Any CPU
		{3A9C115D-3798-4CB9-A27D-2FFD37F66A8D}.Release|x64.Build.0 = Release|Any CPU
		{3A9C115D-3798-4CB9-A27D-2FFD37F66A8D}.Release|x86.ActiveCfg = Release|Any CPU
		{3A9C115D-3798-4CB9-A27D-2FFD37F66A8D}.Release|x86.Build.0 = Release|Any CPU
		{620C6D8F-0A6A-4ED3-858C-C4CFB93385AB}.Debug|Any CPU.ActiveCfg = Debug|Any CPU
		{620C6D8F-0A6A-4ED3-858C-C4CFB93385AB}.Debug|Any CPU.Build.0 = Debug|Any CPU
		{620C6D8F-0A6A-4ED3-858C-C4CFB93385AB}.Debug|x64.ActiveCfg = Debug|Any CPU
		{620C6D8F-0A6A-4ED3-858C-C4CFB93385AB}.Debug|x64.Build.0 = Debug|Any CPU
		{620C6D8F-0A6A-4ED3-858C-C4CFB93385AB}.Debug|x86.ActiveCfg = Debug|Any CPU
		{620C6D8F-0A6A-4ED3-858C-C4CFB93385AB}.Debug|x86.Build.0 = Debug|Any CPU
		{620C6D8F-0A6A-4ED3-858C-C4CFB93385AB}.Release|Any CPU.ActiveCfg = Release|Any CPU
		{620C6D8F-0A6A-4ED3-858C-C4CFB93385AB}.Release|Any CPU.Build.0 = Release|Any CPU
		{620C6D8F-0A6A-4ED3-858C-C4CFB93385AB}.Release|x64.ActiveCfg = Release|Any CPU
		{620C6D8F-0A6A-4ED3-858C-C4CFB93385AB}.Release|x64.Build.0 = Release|Any CPU
		{620C6D8F-0A6A-4ED3-858C-C4CFB93385AB}.Release|x86.ActiveCfg = Release|Any CPU
		{620C6D8F-0A6A-4ED3-858C-C4CFB93385AB}.Release|x86.Build.0 = Release|Any CPU
		{6784FAA8-3536-466B-9218-0B834B4CE360}.Debug|Any CPU.ActiveCfg = Debug|Any CPU
		{6784FAA8-3536-466B-9218-0B834B4CE360}.Debug|Any CPU.Build.0 = Debug|Any CPU
		{6784FAA8-3536-466B-9218-0B834B4CE360}.Debug|x64.ActiveCfg = Debug|Any CPU
		{6784FAA8-3536-466B-9218-0B834B4CE360}.Debug|x64.Build.0 = Debug|Any CPU
		{6784FAA8-3536-466B-9218-0B834B4CE360}.Debug|x86.ActiveCfg = Debug|Any CPU
		{6784FAA8-3536-466B-9218-0B834B4CE360}.Debug|x86.Build.0 = Debug|Any CPU
		{6784FAA8-3536-466B-9218-0B834B4CE360}.Release|Any CPU.ActiveCfg = Release|Any CPU
		{6784FAA8-3536-466B-9218-0B834B4CE360}.Release|Any CPU.Build.0 = Release|Any CPU
		{6784FAA8-3536-466B-9218-0B834B4CE360}.Release|x64.ActiveCfg = Release|Any CPU
		{6784FAA8-3536-466B-9218-0B834B4CE360}.Release|x64.Build.0 = Release|Any CPU
		{6784FAA8-3536-466B-9218-0B834B4CE360}.Release|x86.ActiveCfg = Release|Any CPU
		{6784FAA8-3536-466B-9218-0B834B4CE360}.Release|x86.Build.0 = Release|Any CPU
	EndGlobalSection
	GlobalSection(SolutionProperties) = preSolution
		HideSolutionNode = FALSE
	EndGlobalSection
EndGlobal
