
Microsoft Visual Studio Solution File, Format Version 12.00
# Visual Studio Version 17
VisualStudioVersion = 17.0.32014.148
MinimumVisualStudioVersion = 10.0.40219.1
Project("{2150E333-8FDC-42A3-9474-1A3956D46DE8}") = "GeneratorSdk", "GeneratorSdk", "{D3E6399F-0983-4742-B07C-874B6ED80E51}"
EndProject
Project("{9A19103F-16F7-4668-BE54-9A1E7A4F7556}") = "MetadataTasks", "GeneratorSdk\MetadataTasks\MetadataTasks.csproj", "{5B6F6176-0031-4105-B9FF-B713499D8975}"
EndProject
Project("{9A19103F-16F7-4668-BE54-9A1E7A4F7556}") = "ConstantsScraper", "ConstantsScraper\ConstantsScraper.csproj", "{8C0897A4-2BA6-40D5-AF41-130BE109C024}"
EndProject
Project("{9A19103F-16F7-4668-BE54-9A1E7A4F7556}") = "ClangSharpSourceToWinmd", "ClangSharpSourceToWinmd\ClangSharpSourceToWinmd.csproj", "{74D143DF-9C79-4E34-83C8-0347826317D7}"
EndProject
Project("{9A19103F-16F7-4668-BE54-9A1E7A4F7556}") = "WinmdUtils", "WinmdUtils\WinmdUtils.csproj", "{D58855C2-F427-4C4D-990A-7F932A7B4CA3}"
EndProject
Project("{9A19103F-16F7-4668-BE54-9A1E7A4F7556}") = "Win32MetadataInterop", "Win32MetadataInterop\Win32MetadataInterop.csproj", "{C8AA8253-FF34-4963-9CD0-B7A4C28D33BB}"
EndProject
Project("{2150E333-8FDC-42A3-9474-1A3956D46DE8}") = "samples", "samples", "{4D4F6043-CD81-4FD3-A6E5-0A2148281E78}"
EndProject
Project("{9A19103F-16F7-4668-BE54-9A1E7A4F7556}") = "MetadataUtils", "MetadataUtils\MetadataUtils.csproj", "{08297558-5DC0-4ACB-A67B-3E498638AD4B}"
EndProject
Project("{2150E333-8FDC-42A3-9474-1A3956D46DE8}") = "GeneratorSampleDebug", "GeneratorSampleDebug", "{6C9DCCF4-8580-478A-BB61-36ACCCADB16F}"
	ProjectSection(SolutionItems) = preProject
		GeneratorSdk\samples\GeneratorSampleDebug\autoTypes.json = GeneratorSdk\samples\GeneratorSampleDebug\autoTypes.json
		GeneratorSdk\samples\GeneratorSampleDebug\enums.json = GeneratorSdk\samples\GeneratorSampleDebug\enums.json
		GeneratorSdk\samples\GeneratorSampleDebug\functionPointerFixups.json = GeneratorSdk\samples\GeneratorSampleDebug\functionPointerFixups.json
		GeneratorSdk\samples\GeneratorSampleDebug\GeneratorSampleDebug.proj = GeneratorSdk\samples\GeneratorSampleDebug\GeneratorSampleDebug.proj
		GeneratorSdk\samples\GeneratorSampleDebug\ManualStuff.cs = GeneratorSdk\samples\GeneratorSampleDebug\ManualStuff.cs
		GeneratorSdk\samples\GeneratorSampleDebug\options.rsp = GeneratorSdk\samples\GeneratorSampleDebug\options.rsp
		GeneratorSdk\samples\GeneratorSampleDebug\partition1.cpp = GeneratorSdk\samples\GeneratorSampleDebug\partition1.cpp
		GeneratorSdk\samples\GeneratorSampleDebug\partition2.cpp = GeneratorSdk\samples\GeneratorSampleDebug\partition2.cpp
		GeneratorSdk\samples\GeneratorSampleDebug\SampleCom.idl = GeneratorSdk\samples\GeneratorSampleDebug\SampleCom.idl
		GeneratorSdk\samples\GeneratorSampleDebug\SampleHeader.h = GeneratorSdk\samples\GeneratorSampleDebug\SampleHeader.h
		GeneratorSdk\samples\GeneratorSampleDebug\SampleHeader2.h = GeneratorSdk\samples\GeneratorSampleDebug\SampleHeader2.h
	EndProjectSection
EndProject
Project("{2150E333-8FDC-42A3-9474-1A3956D46DE8}") = "sdk", "sdk", "{65F906A0-83DF-435D-AE74-BE67CBC8CC9B}"
	ProjectSection(SolutionItems) = preProject
		GeneratorSdk\sdk\sdk.props = GeneratorSdk\sdk\sdk.props
		GeneratorSdk\sdk\sdk.targets = GeneratorSdk\sdk\sdk.targets
	EndProjectSection
EndProject
Project("{2150E333-8FDC-42A3-9474-1A3956D46DE8}") = "scripts", "scripts", "{3E76C95B-EAE8-4A07-A6AB-EC20499038C6}"
	ProjectSection(SolutionItems) = preProject
		..\scripts\CreateRspsForFunctionPointerFixups.ps1 = ..\scripts\CreateRspsForFunctionPointerFixups.ps1
		..\scripts\CreateScraperRspForAutoTypes.ps1 = ..\scripts\CreateScraperRspForAutoTypes.ps1
	EndProjectSection
EndProject
Project("{2150E333-8FDC-42A3-9474-1A3956D46DE8}") = "generation", "generation", "{B952F7CE-A7D8-4633-925D-FF1C95FA77AC}"
EndProject
Project("{2150E333-8FDC-42A3-9474-1A3956D46DE8}") = "WinSDK", "WinSDK", "{8ADADAAD-DC58-4080-870F-65FE47825343}"
	ProjectSection(SolutionItems) = preProject
		..\generation\WinSDK\autoTypes.json = ..\generation\WinSDK\autoTypes.json
		..\generation\WinSDK\ConstantsScraper.header.txt = ..\generation\WinSDK\ConstantsScraper.header.txt
		..\generation\WinSDK\ConstantsScraper.settings.rsp = ..\generation\WinSDK\ConstantsScraper.settings.rsp
		..\generation\WinSDK\emitter.settings.rsp = ..\generation\WinSDK\emitter.settings.rsp
		..\generation\WinSDK\enums.json = ..\generation\WinSDK\enums.json
		..\generation\WinSDK\functionPointerFixups.json = ..\generation\WinSDK\functionPointerFixups.json
		..\generation\WinSDK\libMappings.rsp = ..\generation\WinSDK\libMappings.rsp
		..\generation\WinSDK\requiredNamespacesForNames.rsp = ..\generation\WinSDK\requiredNamespacesForNames.rsp
		..\generation\WinSDK\scraper.header.txt = ..\generation\WinSDK\scraper.header.txt
		..\generation\WinSDK\scraper.settings.rsp = ..\generation\WinSDK\scraper.settings.rsp
		..\generation\WinSDK\supportedOS.rsp = ..\generation\WinSDK\supportedOS.rsp
		..\generation\WinSDK\Windows.Win32.proj = ..\generation\WinSDK\Windows.Win32.proj
		..\generation\WinSDK\WithSetLastError.rsp = ..\generation\WinSDK\WithSetLastError.rsp
	EndProjectSection
EndProject
Project("{2150E333-8FDC-42A3-9474-1A3956D46DE8}") = "tests", "tests", "{C3EAC69E-9456-4B3A-9BFD-41D387716EE2}"
EndProject
Project("{9A19103F-16F7-4668-BE54-9A1E7A4F7556}") = "Windows.Win32.Tests", "..\tests\Windows.Win32.Tests\Windows.Win32.Tests.csproj", "{A4A27854-A16F-40A5-ABEF-CDD427E03C0E}"
EndProject
Project("{9A19103F-16F7-4668-BE54-9A1E7A4F7556}") = "TestCommon", "..\Tests\TestCommon\TestCommon.csproj", "{39AEB794-C1A5-4A2B-A860-0DEF2082F263}"
EndProject
Project("{9A19103F-16F7-4668-BE54-9A1E7A4F7556}") = "VtablesFromPdb", "..\tests\VtablesFromPdb\VtablesFromPdb.csproj", "{0045FF95-AC14-4C51-B348-E8A5E51E90BC}"
EndProject
Project("{9A19103F-16F7-4668-BE54-9A1E7A4F7556}") = "MetadataUtils.Tests", "..\tests\MetadataUtils.Tests\MetadataUtils.Tests.csproj", "{A9D8A468-5027-405F-A334-6A360EC2D019}"
EndProject
Project("{9A19103F-16F7-4668-BE54-9A1E7A4F7556}") = "ClangSharpSourceToWinmdTests", "..\tests\ClangSharpSourceToWinmdTests\ClangSharpSourceToWinmdTests.csproj", "{08564AA9-C7EB-4095-BB53-49833A9FDE1E}"
EndProject
Global
	GlobalSection(SolutionConfigurationPlatforms) = preSolution
		Debug|Any CPU = Debug|Any CPU
		Debug|x64 = Debug|x64
		Debug|x86 = Debug|x86
		Release|Any CPU = Release|Any CPU
		Release|x64 = Release|x64
		Release|x86 = Release|x86
	EndGlobalSection
	GlobalSection(ProjectConfigurationPlatforms) = postSolution
		{5B6F6176-0031-4105-B9FF-B713499D8975}.Debug|Any CPU.ActiveCfg = Debug|Any CPU
		{5B6F6176-0031-4105-B9FF-B713499D8975}.Debug|Any CPU.Build.0 = Debug|Any CPU
		{5B6F6176-0031-4105-B9FF-B713499D8975}.Debug|x64.ActiveCfg = Debug|Any CPU
		{5B6F6176-0031-4105-B9FF-B713499D8975}.Debug|x64.Build.0 = Debug|Any CPU
		{5B6F6176-0031-4105-B9FF-B713499D8975}.Debug|x86.ActiveCfg = Debug|Any CPU
		{5B6F6176-0031-4105-B9FF-B713499D8975}.Debug|x86.Build.0 = Debug|Any CPU
		{5B6F6176-0031-4105-B9FF-B713499D8975}.Release|Any CPU.ActiveCfg = Release|Any CPU
		{5B6F6176-0031-4105-B9FF-B713499D8975}.Release|Any CPU.Build.0 = Release|Any CPU
		{5B6F6176-0031-4105-B9FF-B713499D8975}.Release|x64.ActiveCfg = Release|Any CPU
		{5B6F6176-0031-4105-B9FF-B713499D8975}.Release|x64.Build.0 = Release|Any CPU
		{5B6F6176-0031-4105-B9FF-B713499D8975}.Release|x86.ActiveCfg = Release|Any CPU
		{5B6F6176-0031-4105-B9FF-B713499D8975}.Release|x86.Build.0 = Release|Any CPU
		{8C0897A4-2BA6-40D5-AF41-130BE109C024}.Debug|Any CPU.ActiveCfg = Debug|Any CPU
		{8C0897A4-2BA6-40D5-AF41-130BE109C024}.Debug|Any CPU.Build.0 = Debug|Any CPU
		{8C0897A4-2BA6-40D5-AF41-130BE109C024}.Debug|x64.ActiveCfg = Debug|Any CPU
		{8C0897A4-2BA6-40D5-AF41-130BE109C024}.Debug|x64.Build.0 = Debug|Any CPU
		{8C0897A4-2BA6-40D5-AF41-130BE109C024}.Debug|x86.ActiveCfg = Debug|Any CPU
		{8C0897A4-2BA6-40D5-AF41-130BE109C024}.Debug|x86.Build.0 = Debug|Any CPU
		{8C0897A4-2BA6-40D5-AF41-130BE109C024}.Release|Any CPU.ActiveCfg = Release|Any CPU
		{8C0897A4-2BA6-40D5-AF41-130BE109C024}.Release|Any CPU.Build.0 = Release|Any CPU
		{8C0897A4-2BA6-40D5-AF41-130BE109C024}.Release|x64.ActiveCfg = Release|Any CPU
		{8C0897A4-2BA6-40D5-AF41-130BE109C024}.Release|x64.Build.0 = Release|Any CPU
		{8C0897A4-2BA6-40D5-AF41-130BE109C024}.Release|x86.ActiveCfg = Release|Any CPU
		{8C0897A4-2BA6-40D5-AF41-130BE109C024}.Release|x86.Build.0 = Release|Any CPU
		{74D143DF-9C79-4E34-83C8-0347826317D7}.Debug|Any CPU.ActiveCfg = Debug|Any CPU
		{74D143DF-9C79-4E34-83C8-0347826317D7}.Debug|Any CPU.Build.0 = Debug|Any CPU
		{74D143DF-9C79-4E34-83C8-0347826317D7}.Debug|x64.ActiveCfg = Debug|Any CPU
		{74D143DF-9C79-4E34-83C8-0347826317D7}.Debug|x64.Build.0 = Debug|Any CPU
		{74D143DF-9C79-4E34-83C8-0347826317D7}.Debug|x86.ActiveCfg = Debug|Any CPU
		{74D143DF-9C79-4E34-83C8-0347826317D7}.Debug|x86.Build.0 = Debug|Any CPU
		{74D143DF-9C79-4E34-83C8-0347826317D7}.Release|Any CPU.ActiveCfg = Release|Any CPU
		{74D143DF-9C79-4E34-83C8-0347826317D7}.Release|Any CPU.Build.0 = Release|Any CPU
		{74D143DF-9C79-4E34-83C8-0347826317D7}.Release|x64.ActiveCfg = Release|Any CPU
		{74D143DF-9C79-4E34-83C8-0347826317D7}.Release|x64.Build.0 = Release|Any CPU
		{74D143DF-9C79-4E34-83C8-0347826317D7}.Release|x86.ActiveCfg = Release|Any CPU
		{74D143DF-9C79-4E34-83C8-0347826317D7}.Release|x86.Build.0 = Release|Any CPU
		{D58855C2-F427-4C4D-990A-7F932A7B4CA3}.Debug|Any CPU.ActiveCfg = Debug|Any CPU
		{D58855C2-F427-4C4D-990A-7F932A7B4CA3}.Debug|Any CPU.Build.0 = Debug|Any CPU
		{D58855C2-F427-4C4D-990A-7F932A7B4CA3}.Debug|x64.ActiveCfg = Debug|Any CPU
		{D58855C2-F427-4C4D-990A-7F932A7B4CA3}.Debug|x64.Build.0 = Debug|Any CPU
		{D58855C2-F427-4C4D-990A-7F932A7B4CA3}.Debug|x86.ActiveCfg = Debug|Any CPU
		{D58855C2-F427-4C4D-990A-7F932A7B4CA3}.Debug|x86.Build.0 = Debug|Any CPU
		{D58855C2-F427-4C4D-990A-7F932A7B4CA3}.Release|Any CPU.ActiveCfg = Release|Any CPU
		{D58855C2-F427-4C4D-990A-7F932A7B4CA3}.Release|Any CPU.Build.0 = Release|Any CPU
		{D58855C2-F427-4C4D-990A-7F932A7B4CA3}.Release|x64.ActiveCfg = Release|Any CPU
		{D58855C2-F427-4C4D-990A-7F932A7B4CA3}.Release|x64.Build.0 = Release|Any CPU
		{D58855C2-F427-4C4D-990A-7F932A7B4CA3}.Release|x86.ActiveCfg = Release|Any CPU
		{D58855C2-F427-4C4D-990A-7F932A7B4CA3}.Release|x86.Build.0 = Release|Any CPU
		{C8AA8253-FF34-4963-9CD0-B7A4C28D33BB}.Debug|Any CPU.ActiveCfg = Debug|Any CPU
		{C8AA8253-FF34-4963-9CD0-B7A4C28D33BB}.Debug|Any CPU.Build.0 = Debug|Any CPU
		{C8AA8253-FF34-4963-9CD0-B7A4C28D33BB}.Debug|x64.ActiveCfg = Debug|Any CPU
		{C8AA8253-FF34-4963-9CD0-B7A4C28D33BB}.Debug|x64.Build.0 = Debug|Any CPU
		{C8AA8253-FF34-4963-9CD0-B7A4C28D33BB}.Debug|x86.ActiveCfg = Debug|Any CPU
		{C8AA8253-FF34-4963-9CD0-B7A4C28D33BB}.Debug|x86.Build.0 = Debug|Any CPU
		{C8AA8253-FF34-4963-9CD0-B7A4C28D33BB}.Release|Any CPU.ActiveCfg = Release|Any CPU
		{C8AA8253-FF34-4963-9CD0-B7A4C28D33BB}.Release|Any CPU.Build.0 = Release|Any CPU
		{C8AA8253-FF34-4963-9CD0-B7A4C28D33BB}.Release|x64.ActiveCfg = Release|Any CPU
		{C8AA8253-FF34-4963-9CD0-B7A4C28D33BB}.Release|x64.Build.0 = Release|Any CPU
		{C8AA8253-FF34-4963-9CD0-B7A4C28D33BB}.Release|x86.ActiveCfg = Release|Any CPU
		{C8AA8253-FF34-4963-9CD0-B7A4C28D33BB}.Release|x86.Build.0 = Release|Any CPU
		{08297558-5DC0-4ACB-A67B-3E498638AD4B}.Debug|Any CPU.ActiveCfg = Debug|Any CPU
		{08297558-5DC0-4ACB-A67B-3E498638AD4B}.Debug|Any CPU.Build.0 = Debug|Any CPU
		{08297558-5DC0-4ACB-A67B-3E498638AD4B}.Debug|x64.ActiveCfg = Debug|Any CPU
		{08297558-5DC0-4ACB-A67B-3E498638AD4B}.Debug|x64.Build.0 = Debug|Any CPU
		{08297558-5DC0-4ACB-A67B-3E498638AD4B}.Debug|x86.ActiveCfg = Debug|Any CPU
		{08297558-5DC0-4ACB-A67B-3E498638AD4B}.Debug|x86.Build.0 = Debug|Any CPU
		{08297558-5DC0-4ACB-A67B-3E498638AD4B}.Release|Any CPU.ActiveCfg = Release|Any CPU
		{08297558-5DC0-4ACB-A67B-3E498638AD4B}.Release|Any CPU.Build.0 = Release|Any CPU
		{08297558-5DC0-4ACB-A67B-3E498638AD4B}.Release|x64.ActiveCfg = Release|Any CPU
		{08297558-5DC0-4ACB-A67B-3E498638AD4B}.Release|x64.Build.0 = Release|Any CPU
		{08297558-5DC0-4ACB-A67B-3E498638AD4B}.Release|x86.ActiveCfg = Release|Any CPU
		{08297558-5DC0-4ACB-A67B-3E498638AD4B}.Release|x86.Build.0 = Release|Any CPU
		{A4A27854-A16F-40A5-ABEF-CDD427E03C0E}.Debug|Any CPU.ActiveCfg = Debug|Any CPU
		{A4A27854-A16F-40A5-ABEF-CDD427E03C0E}.Debug|Any CPU.Build.0 = Debug|Any CPU
		{A4A27854-A16F-40A5-ABEF-CDD427E03C0E}.Debug|x64.ActiveCfg = Debug|Any CPU
		{A4A27854-A16F-40A5-ABEF-CDD427E03C0E}.Debug|x64.Build.0 = Debug|Any CPU
		{A4A27854-A16F-40A5-ABEF-CDD427E03C0E}.Debug|x86.ActiveCfg = Debug|Any CPU
		{A4A27854-A16F-40A5-ABEF-CDD427E03C0E}.Debug|x86.Build.0 = Debug|Any CPU
		{A4A27854-A16F-40A5-ABEF-CDD427E03C0E}.Release|Any CPU.ActiveCfg = Release|Any CPU
		{A4A27854-A16F-40A5-ABEF-CDD427E03C0E}.Release|Any CPU.Build.0 = Release|Any CPU
		{A4A27854-A16F-40A5-ABEF-CDD427E03C0E}.Release|x64.ActiveCfg = Release|Any CPU
		{A4A27854-A16F-40A5-ABEF-CDD427E03C0E}.Release|x64.Build.0 = Release|Any CPU
		{A4A27854-A16F-40A5-ABEF-CDD427E03C0E}.Release|x86.ActiveCfg = Release|Any CPU
		{A4A27854-A16F-40A5-ABEF-CDD427E03C0E}.Release|x86.Build.0 = Release|Any CPU
		{39AEB794-C1A5-4A2B-A860-0DEF2082F263}.Debug|Any CPU.ActiveCfg = Debug|Any CPU
		{39AEB794-C1A5-4A2B-A860-0DEF2082F263}.Debug|Any CPU.Build.0 = Debug|Any CPU
		{39AEB794-C1A5-4A2B-A860-0DEF2082F263}.Debug|x64.ActiveCfg = Debug|Any CPU
		{39AEB794-C1A5-4A2B-A860-0DEF2082F263}.Debug|x64.Build.0 = Debug|Any CPU
		{39AEB794-C1A5-4A2B-A860-0DEF2082F263}.Debug|x86.ActiveCfg = Debug|Any CPU
		{39AEB794-C1A5-4A2B-A860-0DEF2082F263}.Debug|x86.Build.0 = Debug|Any CPU
		{39AEB794-C1A5-4A2B-A860-0DEF2082F263}.Release|Any CPU.ActiveCfg = Release|Any CPU
		{39AEB794-C1A5-4A2B-A860-0DEF2082F263}.Release|Any CPU.Build.0 = Release|Any CPU
		{39AEB794-C1A5-4A2B-A860-0DEF2082F263}.Release|x64.ActiveCfg = Release|Any CPU
		{39AEB794-C1A5-4A2B-A860-0DEF2082F263}.Release|x64.Build.0 = Release|Any CPU
		{39AEB794-C1A5-4A2B-A860-0DEF2082F263}.Release|x86.ActiveCfg = Release|Any CPU
		{39AEB794-C1A5-4A2B-A860-0DEF2082F263}.Release|x86.Build.0 = Release|Any CPU
		{0045FF95-AC14-4C51-B348-E8A5E51E90BC}.Debug|Any CPU.ActiveCfg = Debug|Any CPU
		{0045FF95-AC14-4C51-B348-E8A5E51E90BC}.Debug|x64.ActiveCfg = Debug|Any CPU
		{0045FF95-AC14-4C51-B348-E8A5E51E90BC}.Debug|x64.Build.0 = Debug|Any CPU
		{0045FF95-AC14-4C51-B348-E8A5E51E90BC}.Debug|x86.ActiveCfg = Debug|Any CPU
		{0045FF95-AC14-4C51-B348-E8A5E51E90BC}.Debug|x86.Build.0 = Debug|Any CPU
		{0045FF95-AC14-4C51-B348-E8A5E51E90BC}.Release|Any CPU.ActiveCfg = Release|Any CPU
		{0045FF95-AC14-4C51-B348-E8A5E51E90BC}.Release|x64.ActiveCfg = Release|Any CPU
		{0045FF95-AC14-4C51-B348-E8A5E51E90BC}.Release|x64.Build.0 = Release|Any CPU
		{0045FF95-AC14-4C51-B348-E8A5E51E90BC}.Release|x86.ActiveCfg = Release|Any CPU
		{0045FF95-AC14-4C51-B348-E8A5E51E90BC}.Release|x86.Build.0 = Release|Any CPU
		{A9D8A468-5027-405F-A334-6A360EC2D019}.Debug|Any CPU.ActiveCfg = Debug|Any CPU
		{A9D8A468-5027-405F-A334-6A360EC2D019}.Debug|Any CPU.Build.0 = Debug|Any CPU
		{A9D8A468-5027-405F-A334-6A360EC2D019}.Debug|x64.ActiveCfg = Debug|Any CPU
		{A9D8A468-5027-405F-A334-6A360EC2D019}.Debug|x64.Build.0 = Debug|Any CPU
		{A9D8A468-5027-405F-A334-6A360EC2D019}.Debug|x86.ActiveCfg = Debug|Any CPU
		{A9D8A468-5027-405F-A334-6A360EC2D019}.Debug|x86.Build.0 = Debug|Any CPU
		{A9D8A468-5027-405F-A334-6A360EC2D019}.Release|Any CPU.ActiveCfg = Release|Any CPU
		{A9D8A468-5027-405F-A334-6A360EC2D019}.Release|Any CPU.Build.0 = Release|Any CPU
		{A9D8A468-5027-405F-A334-6A360EC2D019}.Release|x64.ActiveCfg = Release|Any CPU
		{A9D8A468-5027-405F-A334-6A360EC2D019}.Release|x64.Build.0 = Release|Any CPU
		{A9D8A468-5027-405F-A334-6A360EC2D019}.Release|x86.ActiveCfg = Release|Any CPU
		{A9D8A468-5027-405F-A334-6A360EC2D019}.Release|x86.Build.0 = Release|Any CPU
		{08564AA9-C7EB-4095-BB53-49833A9FDE1E}.Debug|Any CPU.ActiveCfg = Debug|Any CPU
		{08564AA9-C7EB-4095-BB53-49833A9FDE1E}.Debug|Any CPU.Build.0 = Debug|Any CPU
		{08564AA9-C7EB-4095-BB53-49833A9FDE1E}.Debug|x64.ActiveCfg = Debug|Any CPU
		{08564AA9-C7EB-4095-BB53-49833A9FDE1E}.Debug|x64.Build.0 = Debug|Any CPU
		{08564AA9-C7EB-4095-BB53-49833A9FDE1E}.Debug|x86.ActiveCfg = Debug|Any CPU
		{08564AA9-C7EB-4095-BB53-49833A9FDE1E}.Debug|x86.Build.0 = Debug|Any CPU
		{08564AA9-C7EB-4095-BB53-49833A9FDE1E}.Release|Any CPU.ActiveCfg = Release|Any CPU
		{08564AA9-C7EB-4095-BB53-49833A9FDE1E}.Release|Any CPU.Build.0 = Release|Any CPU
		{08564AA9-C7EB-4095-BB53-49833A9FDE1E}.Release|x64.ActiveCfg = Release|Any CPU
		{08564AA9-C7EB-4095-BB53-49833A9FDE1E}.Release|x64.Build.0 = Release|Any CPU
		{08564AA9-C7EB-4095-BB53-49833A9FDE1E}.Release|x86.ActiveCfg = Release|Any CPU
		{08564AA9-C7EB-4095-BB53-49833A9FDE1E}.Release|x86.Build.0 = Release|Any CPU
	EndGlobalSection
	GlobalSection(SolutionProperties) = preSolution
		HideSolutionNode = FALSE
	EndGlobalSection
	GlobalSection(NestedProjects) = preSolution
		{5B6F6176-0031-4105-B9FF-B713499D8975} = {D3E6399F-0983-4742-B07C-874B6ED80E51}
		{6C9DCCF4-8580-478A-BB61-36ACCCADB16F} = {4D4F6043-CD81-4FD3-A6E5-0A2148281E78}
		{65F906A0-83DF-435D-AE74-BE67CBC8CC9B} = {D3E6399F-0983-4742-B07C-874B6ED80E51}
		{8ADADAAD-DC58-4080-870F-65FE47825343} = {B952F7CE-A7D8-4633-925D-FF1C95FA77AC}
		{A4A27854-A16F-40A5-ABEF-CDD427E03C0E} = {C3EAC69E-9456-4B3A-9BFD-41D387716EE2}
		{39AEB794-C1A5-4A2B-A860-0DEF2082F263} = {C3EAC69E-9456-4B3A-9BFD-41D387716EE2}
		{0045FF95-AC14-4C51-B348-E8A5E51E90BC} = {C3EAC69E-9456-4B3A-9BFD-41D387716EE2}
		{A9D8A468-5027-405F-A334-6A360EC2D019} = {C3EAC69E-9456-4B3A-9BFD-41D387716EE2}
		{08564AA9-C7EB-4095-BB53-49833A9FDE1E} = {C3EAC69E-9456-4B3A-9BFD-41D387716EE2}
	EndGlobalSection
	GlobalSection(ExtensibilityGlobals) = postSolution
		SolutionGuid = {156D7600-E986-417B-9D16-E6FA1039AF42}
	EndGlobalSection
EndGlobal
