
Microsoft Visual Studio Solution File, Format Version 12.00
# Visual Studio Version 17
VisualStudioVersion = 17.0.31629.42
MinimumVisualStudioVersion = 10.0.40219.1
Project("{2150E333-8FDC-42A3-9474-1A3956D46DE8}") = "msbuild", "msbuild", "{D3E6399F-0983-4742-B07C-874B6ED80E51}"
EndProject
Project("{9A19103F-16F7-4668-BE54-9A1E7A4F7556}") = "MetadataTasks", "msbuild\MetadataTasks\MetadataTasks.csproj", "{5B6F6176-0031-4105-B9FF-B713499D8975}"
EndProject
Project("{9A19103F-16F7-4668-BE54-9A1E7A4F7556}") = "ConstantsScraper", "ConstantsScraper\ConstantsScraper.csproj", "{8C0897A4-2BA6-40D5-AF41-130BE109C024}"
EndProject
Project("{9A19103F-16F7-4668-BE54-9A1E7A4F7556}") = "ClangSharpSourceToWinmd", "ClangSharpSourceToWinmd\ClangSharpSourceToWinmd.csproj", "{74D143DF-9C79-4E34-83C8-0347826317D7}"
EndProject
Project("{9A19103F-16F7-4668-BE54-9A1E7A4F7556}") = "WinmdUtils", "WinmdUtils\WinmdUtils.csproj", "{D58855C2-F427-4C4D-990A-7F932A7B4CA3}"
EndProject
Project("{9A19103F-16F7-4668-BE54-9A1E7A4F7556}") = "Win32MetadataInterop", "Win32MetadataInterop\Win32MetadataInterop.csproj", "{C8AA8253-FF34-4963-9CD0-B7A4C28D33BB}"
EndProject
Global
	GlobalSection(SolutionConfigurationPlatforms) = preSolution
		Debug|Any CPU = Debug|Any CPU
		Release|Any CPU = Release|Any CPU
	EndGlobalSection
	GlobalSection(ProjectConfigurationPlatforms) = postSolution
		{5B6F6176-0031-4105-B9FF-B713499D8975}.Debug|Any CPU.ActiveCfg = Debug|Any CPU
		{5B6F6176-0031-4105-B9FF-B713499D8975}.Debug|Any CPU.Build.0 = Debug|Any CPU
		{5B6F6176-0031-4105-B9FF-B713499D8975}.Release|Any CPU.ActiveCfg = Release|Any CPU
		{5B6F6176-0031-4105-B9FF-B713499D8975}.Release|Any CPU.Build.0 = Release|Any CPU
		{8C0897A4-2BA6-40D5-AF41-130BE109C024}.Debug|Any CPU.ActiveCfg = Debug|Any CPU
		{8C0897A4-2BA6-40D5-AF41-130BE109C024}.Debug|Any CPU.Build.0 = Debug|Any CPU
		{8C0897A4-2BA6-40D5-AF41-130BE109C024}.Release|Any CPU.ActiveCfg = Release|Any CPU
		{8C0897A4-2BA6-40D5-AF41-130BE109C024}.Release|Any CPU.Build.0 = Release|Any CPU
		{74D143DF-9C79-4E34-83C8-0347826317D7}.Debug|Any CPU.ActiveCfg = Debug|Any CPU
		{74D143DF-9C79-4E34-83C8-0347826317D7}.Debug|Any CPU.Build.0 = Debug|Any CPU
		{74D143DF-9C79-4E34-83C8-0347826317D7}.Release|Any CPU.ActiveCfg = Release|Any CPU
		{74D143DF-9C79-4E34-83C8-0347826317D7}.Release|Any CPU.Build.0 = Release|Any CPU
		{D58855C2-F427-4C4D-990A-7F932A7B4CA3}.Debug|Any CPU.ActiveCfg = Debug|Any CPU
		{D58855C2-F427-4C4D-990A-7F932A7B4CA3}.Debug|Any CPU.Build.0 = Debug|Any CPU
		{D58855C2-F427-4C4D-990A-7F932A7B4CA3}.Release|Any CPU.ActiveCfg = Release|Any CPU
		{D58855C2-F427-4C4D-990A-7F932A7B4CA3}.Release|Any CPU.Build.0 = Release|Any CPU
		{C8AA8253-FF34-4963-9CD0-B7A4C28D33BB}.Debug|Any CPU.ActiveCfg = Debug|Any CPU
		{C8AA8253-FF34-4963-9CD0-B7A4C28D33BB}.Debug|Any CPU.Build.0 = Debug|Any CPU
		{C8AA8253-FF34-4963-9CD0-B7A4C28D33BB}.Release|Any CPU.ActiveCfg = Release|Any CPU
		{C8AA8253-FF34-4963-9CD0-B7A4C28D33BB}.Release|Any CPU.Build.0 = Release|Any CPU
	EndGlobalSection
	GlobalSection(SolutionProperties) = preSolution
		HideSolutionNode = FALSE
	EndGlobalSection
	GlobalSection(NestedProjects) = preSolution
		{5B6F6176-0031-4105-B9FF-B713499D8975} = {D3E6399F-0983-4742-B07C-874B6ED80E51}
	EndGlobalSection
	GlobalSection(ExtensibilityGlobals) = postSolution
		SolutionGuid = {156D7600-E986-417B-9D16-E6FA1039AF42}
	EndGlobalSection
EndGlobal
