
Microsoft Visual Studio Solution File, Format Version 12.00
# Visual Studio Version 16
VisualStudioVersion = 16.0.30804.86
MinimumVisualStudioVersion = 10.0.40219.1
Project("{9A19103F-16F7-4668-BE54-9A1E7A4F7556}") = "ConstantsScraper", "ConstantsScraper.csproj", "{39E2AD50-323F-4490-8B05-A6C6AFCC1443}"
EndProject
Project("{9A19103F-16F7-4668-BE54-9A1E7A4F7556}") = "PartitionUtils", "..\PartitionUtils\PartitionUtils.csproj", "{7D60EA7C-6A97-421E-A84E-8F61F73DB245}"
EndProject
Project("{9A19103F-16F7-4668-BE54-9A1E7A4F7556}") = "MetadataUtils", "..\MetadataUtils\MetadataUtils.csproj", "{B101B407-94A4-4BC6-A1E8-A0E1AC04B246}"
EndProject
Global
	GlobalSection(SolutionConfigurationPlatforms) = preSolution
		Debug|Any CPU = Debug|Any CPU
		Release|Any CPU = Release|Any CPU
	EndGlobalSection
	GlobalSection(ProjectConfigurationPlatforms) = postSolution
		{39E2AD50-323F-4490-8B05-A6C6AFCC1443}.Debug|Any CPU.ActiveCfg = Debug|Any CPU
		{39E2AD50-323F-4490-8B05-A6C6AFCC1443}.Debug|Any CPU.Build.0 = Debug|Any CPU
		{39E2AD50-323F-4490-8B05-A6C6AFCC1443}.Release|Any CPU.ActiveCfg = Release|Any CPU
		{39E2AD50-323F-4490-8B05-A6C6AFCC1443}.Release|Any CPU.Build.0 = Release|Any CPU
		{7D60EA7C-6A97-421E-A84E-8F61F73DB245}.Debug|Any CPU.ActiveCfg = Debug|Any CPU
		{7D60EA7C-6A97-421E-A84E-8F61F73DB245}.Debug|Any CPU.Build.0 = Debug|Any CPU
		{7D60EA7C-6A97-421E-A84E-8F61F73DB245}.Release|Any CPU.ActiveCfg = Release|Any CPU
		{7D60EA7C-6A97-421E-A84E-8F61F73DB245}.Release|Any CPU.Build.0 = Release|Any CPU
		{B101B407-94A4-4BC6-A1E8-A0E1AC04B246}.Debug|Any CPU.ActiveCfg = Debug|Any CPU
		{B101B407-94A4-4BC6-A1E8-A0E1AC04B246}.Debug|Any CPU.Build.0 = Debug|Any CPU
		{B101B407-94A4-4BC6-A1E8-A0E1AC04B246}.Release|Any CPU.ActiveCfg = Release|Any CPU
		{B101B407-94A4-4BC6-A1E8-A0E1AC04B246}.Release|Any CPU.Build.0 = Release|Any CPU
	EndGlobalSection
	GlobalSection(SolutionProperties) = preSolution
		HideSolutionNode = FALSE
	EndGlobalSection
	GlobalSection(ExtensibilityGlobals) = postSolution
		SolutionGuid = {570EE57B-A467-4DAE-A45C-60EBE8A0872B}
	EndGlobalSection
EndGlobal
