
Microsoft Visual Studio Solution File, Format Version 12.00
# Visual Studio Version 16
VisualStudioVersion = 16.0.30413.136
MinimumVisualStudioVersion = 10.0.40219.1
Project("{9A19103F-16F7-4668-BE54-9A1E7A4F7556}") = "ClangSharpSourceToWinmd", "ClangSharpSourceToWinmd.csproj", "{1A969AD2-5215-469C-BCBB-C7B38F4DA253}"
EndProject
Project("{9A19103F-16F7-4668-BE54-9A1E7A4F7556}") = "Win32MetadataInterop", "..\Win32MetadataInterop\Win32MetadataInterop.csproj", "{C08DB25A-5497-4CE2-82F2-2D8624283387}"
EndProject
Project("{9A19103F-16F7-4668-BE54-9A1E7A4F7556}") = "WinmdUtils", "..\WinmdUtils\WinmdUtils.csproj", "{6D8F0882-429D-4359-A3DD-CBD905D95C14}"
EndProject
Project("{9A19103F-16F7-4668-BE54-9A1E7A4F7556}") = "PartitionUtilsLib", "..\PartitionUtilsLib\PartitionUtilsLib.csproj", "{BA34E670-C691-48E9-9F1B-338C2C72C480}"
EndProject
Project("{9A19103F-16F7-4668-BE54-9A1E7A4F7556}") = "ConstantsScraper", "..\ConstantsScraper\ConstantsScraper.csproj", "{0EFEA32F-64C4-4FA3-A507-0ECD38CF0678}"
EndProject
Global
	GlobalSection(SolutionConfigurationPlatforms) = preSolution
		Debug|Any CPU = Debug|Any CPU
		Release|Any CPU = Release|Any CPU
	EndGlobalSection
	GlobalSection(ProjectConfigurationPlatforms) = postSolution
		{1A969AD2-5215-469C-BCBB-C7B38F4DA253}.Debug|Any CPU.ActiveCfg = Debug|Any CPU
		{1A969AD2-5215-469C-BCBB-C7B38F4DA253}.Debug|Any CPU.Build.0 = Debug|Any CPU
		{1A969AD2-5215-469C-BCBB-C7B38F4DA253}.Release|Any CPU.ActiveCfg = Release|Any CPU
		{1A969AD2-5215-469C-BCBB-C7B38F4DA253}.Release|Any CPU.Build.0 = Release|Any CPU
		{C08DB25A-5497-4CE2-82F2-2D8624283387}.Debug|Any CPU.ActiveCfg = Debug|Any CPU
		{C08DB25A-5497-4CE2-82F2-2D8624283387}.Debug|Any CPU.Build.0 = Debug|Any CPU
		{C08DB25A-5497-4CE2-82F2-2D8624283387}.Release|Any CPU.ActiveCfg = Release|Any CPU
		{C08DB25A-5497-4CE2-82F2-2D8624283387}.Release|Any CPU.Build.0 = Release|Any CPU
		{6D8F0882-429D-4359-A3DD-CBD905D95C14}.Debug|Any CPU.ActiveCfg = Debug|Any CPU
		{6D8F0882-429D-4359-A3DD-CBD905D95C14}.Debug|Any CPU.Build.0 = Debug|Any CPU
		{6D8F0882-429D-4359-A3DD-CBD905D95C14}.Release|Any CPU.ActiveCfg = Release|Any CPU
		{6D8F0882-429D-4359-A3DD-CBD905D95C14}.Release|Any CPU.Build.0 = Release|Any CPU
		{BA34E670-C691-48E9-9F1B-338C2C72C480}.Debug|Any CPU.ActiveCfg = Debug|Any CPU
		{BA34E670-C691-48E9-9F1B-338C2C72C480}.Debug|Any CPU.Build.0 = Debug|Any CPU
		{BA34E670-C691-48E9-9F1B-338C2C72C480}.Release|Any CPU.ActiveCfg = Release|Any CPU
		{BA34E670-C691-48E9-9F1B-338C2C72C480}.Release|Any CPU.Build.0 = Release|Any CPU
		{0EFEA32F-64C4-4FA3-A507-0ECD38CF0678}.Debug|Any CPU.ActiveCfg = Debug|Any CPU
		{0EFEA32F-64C4-4FA3-A507-0ECD38CF0678}.Debug|Any CPU.Build.0 = Debug|Any CPU
		{0EFEA32F-64C4-4FA3-A507-0ECD38CF0678}.Release|Any CPU.ActiveCfg = Release|Any CPU
		{0EFEA32F-64C4-4FA3-A507-0ECD38CF0678}.Release|Any CPU.Build.0 = Release|Any CPU
	EndGlobalSection
	GlobalSection(SolutionProperties) = preSolution
		HideSolutionNode = FALSE
	EndGlobalSection
	GlobalSection(ExtensibilityGlobals) = postSolution
		SolutionGuid = {55478AB3-8FFE-47CD-B394-F089CFD6F5FC}
	EndGlobalSection
EndGlobal
