
Microsoft Visual Studio Solution File, Format Version 12.00
# Visual Studio Version 16
VisualStudioVersion = 16.0.30804.86
MinimumVisualStudioVersion = 10.0.40219.1
Project("{9A19103F-16F7-4668-BE54-9A1E7A4F7556}") = "PartitionUtils", "PartitionUtils.csproj", "{C2BDDCDF-D752-46F3-A3D5-FB09EAAA375C}"
EndProject
Project("{9A19103F-16F7-4668-BE54-9A1E7A4F7556}") = "PartitionUtilsLib", "..\PartitionUtilsLib\PartitionUtilsLib.csproj", "{A6C30D8E-BBE5-4F1F-859A-278F12D144D9}"
EndProject
Global
	GlobalSection(SolutionConfigurationPlatforms) = preSolution
		Debug|Any CPU = Debug|Any CPU
		Release|Any CPU = Release|Any CPU
	EndGlobalSection
	GlobalSection(ProjectConfigurationPlatforms) = postSolution
		{C2BDDCDF-D752-46F3-A3D5-FB09EAAA375C}.Debug|Any CPU.ActiveCfg = Debug|Any CPU
		{C2BDDCDF-D752-46F3-A3D5-FB09EAAA375C}.Debug|Any CPU.Build.0 = Debug|Any CPU
		{C2BDDCDF-D752-46F3-A3D5-FB09EAAA375C}.Release|Any CPU.ActiveCfg = Release|Any CPU
		{C2BDDCDF-D752-46F3-A3D5-FB09EAAA375C}.Release|Any CPU.Build.0 = Release|Any CPU
		{A6C30D8E-BBE5-4F1F-859A-278F12D144D9}.Debug|Any CPU.ActiveCfg = Debug|Any CPU
		{A6C30D8E-BBE5-4F1F-859A-278F12D144D9}.Debug|Any CPU.Build.0 = Debug|Any CPU
		{A6C30D8E-BBE5-4F1F-859A-278F12D144D9}.Release|Any CPU.ActiveCfg = Release|Any CPU
		{A6C30D8E-BBE5-4F1F-859A-278F12D144D9}.Release|Any CPU.Build.0 = Release|Any CPU
	EndGlobalSection
	GlobalSection(SolutionProperties) = preSolution
		HideSolutionNode = FALSE
	EndGlobalSection
	GlobalSection(ExtensibilityGlobals) = postSolution
		SolutionGuid = {A613D557-653A-4B2E-A2BB-39062E1B371D}
	EndGlobalSection
EndGlobal
